
Microsoft Visual Studio Solution File, Format Version 12.00
# Visual Studio Version 17
VisualStudioVersion = 17.11.35327.3
MinimumVisualStudioVersion = 10.0.40219.1
Project("{FAE04EC0-301F-11D3-BF4B-00C04F79EFBC}") = "ProjectA", "ProjectA\ProjectA.csproj", "{B48A2179-A4B7-4002-A4D6-E62504066E75}"
EndProject
Global
	GlobalSection(SolutionConfigurationPlatforms) = preSolution
		Debug|Any CPU = Debug|Any CPU
		Release|Any CPU = Release|Any CPU
	EndGlobalSection
	GlobalSection(ProjectConfigurationPlatforms) = postSolution
		{B48A2179-A4B7-4002-A4D6-E62504066E75}.Debug|Any CPU.ActiveCfg = Debug|Any CPU
		{B48A2179-A4B7-4002-A4D6-E62504066E75}.Debug|Any CPU.Build.0 = Debug|Any CPU
		{B48A2179-A4B7-4002-A4D6-E62504066E75}.Release|Any CPU.ActiveCfg = Release|Any CPU
		{B48A2179-A4B7-4002-A4D6-E62504066E75}.Release|Any CPU.Build.0 = Release|Any CPU
	EndGlobalSection
	GlobalSection(SolutionProperties) = preSolution
		HideSolutionNode = FALSE
	EndGlobalSection
	GlobalSection(ExtensibilityGlobals) = postSolution
		SolutionGuid = {6BF74F0C-B16E-41B6-9201-F7D5F44B6309}
	EndGlobalSection
EndGlobal
